<Solution>
  <Folder Name="/src/">
    <Project Path="src/eAgenda.Dominio/eAgenda.Dominio.csproj" />
    <Project Path="src/eAgenda.Aplicacao/eAgenda.Aplicacao.csproj" />
    <Project Path="src/eAgenda.Infra/eAgenda.Infra.csproj" />
    <Project Path="src/eAgenda.WebApi/eAgenda.WebApi.csproj" />
    <Project Path="tests/eAgenda.Testes.Unidade/eAgenda.Testes.Unidade.csproj" />
  </Folder>
</Solution>
